
Microsoft Visual Studio Solution File, Format Version 12.00
# Visual Studio 2012
Project("{FAE04EC0-301F-11D3-BF4B-00C04F79EFBC}") = "F16Gaming.Foobar2000Controller", "F16Gaming.Foobar2000Controller\F16Gaming.Foobar2000Controller.csproj", "{F5908DF5-AA56-4F2A-9273-67317429BB77}"
EndProject
Project("{FAE04EC0-301F-11D3-BF4B-00C04F79EFBC}") = "F16Gaming.Foobar2000Controller.Console", "F16Gaming.Foobar2000Controller.Console\F16Gaming.Foobar2000Controller.Console.csproj", "{98570FAA-D08C-42F1-BFCE-2094144695CD}"
EndProject
Project("{FAE04EC0-301F-11D3-BF4B-00C04F79EFBC}") = "F16Gaming.Foobar2000Controller.WpfOverlay", "F16Gaming.Foobar2000Controller.WpfOverlay\F16Gaming.Foobar2000Controller.WpfOverlay.csproj", "{B7A6D95A-F223-4979-8B92-74D282A793A4}"
EndProject
Global
	GlobalSection(SolutionConfigurationPlatforms) = preSolution
		Debug|Any CPU = Debug|Any CPU
		Release|Any CPU = Release|Any CPU
	EndGlobalSection
	GlobalSection(ProjectConfigurationPlatforms) = postSolution
		{F5908DF5-AA56-4F2A-9273-67317429BB77}.Debug|Any CPU.ActiveCfg = Debug|Any CPU
		{F5908DF5-AA56-4F2A-9273-67317429BB77}.Debug|Any CPU.Build.0 = Debug|Any CPU
		{F5908DF5-AA56-4F2A-9273-67317429BB77}.Release|Any CPU.ActiveCfg = Release|Any CPU
		{F5908DF5-AA56-4F2A-9273-67317429BB77}.Release|Any CPU.Build.0 = Release|Any CPU
		{98570FAA-D08C-42F1-BFCE-2094144695CD}.Debug|Any CPU.ActiveCfg = Debug|Any CPU
		{98570FAA-D08C-42F1-BFCE-2094144695CD}.Debug|Any CPU.Build.0 = Debug|Any CPU
		{98570FAA-D08C-42F1-BFCE-2094144695CD}.Release|Any CPU.ActiveCfg = Release|Any CPU
		{98570FAA-D08C-42F1-BFCE-2094144695CD}.Release|Any CPU.Build.0 = Release|Any CPU
		{B7A6D95A-F223-4979-8B92-74D282A793A4}.Debug|Any CPU.ActiveCfg = Debug|Any CPU
		{B7A6D95A-F223-4979-8B92-74D282A793A4}.Debug|Any CPU.Build.0 = Debug|Any CPU
		{B7A6D95A-F223-4979-8B92-74D282A793A4}.Release|Any CPU.ActiveCfg = Release|Any CPU
		{B7A6D95A-F223-4979-8B92-74D282A793A4}.Release|Any CPU.Build.0 = Release|Any CPU
	EndGlobalSection
	GlobalSection(SolutionProperties) = preSolution
		HideSolutionNode = FALSE
	EndGlobalSection
EndGlobal
